{"version":4,"terraform_version":"1.10.3","serial":8,"lineage":"3f333bb5-1e4f-b734-834e-2a85ddd6f387","outputs":{},"resources":[{"mode":"data","type":"github_user","name":"sosadtsia","provider":"provider[\"registry.opentofu.org/integrations/github\"]","instances":[{"schema_version":0,"attributes":{"avatar_url":"https://avatars.githubusercontent.com/u/87710465?v=4","bio":"Automate everything 🚀\r\n@SLAVNG ","blog":"https://sosadtsia.github.io/website/","company":"","created_at":"2021-07-20 14:16:03 +0000 UTC","email":"","followers":0,"following":2,"gpg_keys":[],"gravatar_id":"","id":"87710465","location":"Canada","login":"sosadtsia","name":"Slav","node_id":"MDQ6VXNlcjg3NzEwNDY1","public_gists":0,"public_repos":22,"site_admin":false,"ssh_keys":["ssh-rsa AAAAB3NzaC1yc2EAAAADAQABAAACAQC49qlPE+Y753700VDdJV2H9VL1B5OHzhCkioqeb5w0GTxxih386vVNue+YBVLq4oN3Boii/WTAX7de/HaoUYpJr6Y/V8Wjp30YWghVhp3Q335+pzinJhMjYPVYGawUrOt8UF7xUEhUyRN0qp9lJjCNjEsMrafiQtKI/SHzEwwb0kDRvS1xroXoaolh1WXZVUvev7sJ+qW36hI0Q35x7IuU1OgY3n0ESLZwf4VUqoxvZwyuXZknwKLfftAZKWHS5UahcLLnAbcij/1zA8BlCovjcJBKUsKNmTz9eFWwCcOO5NEAB0goQf5/xK6MfnK6E5YU+MIwyxggNHgeaYXrSMq0wkWhUsz7X74BGDuADNMzsoPjCHbiKXKTm+hrliyKeG2sF74rtfg3KLPWmj6bEE1PzMhrdnx3TM8a8anLQv8BmojTl4jo1LrVOz/hraMKxZqHBq2rRS3IcDPZQaSQNsOphH2Hf3WRJMbfR7WUaLXTPOJyc6MG7hGv6mxU6cjNeag6WafzyHqCSXn2EooaWrSgY4pT6OJ7e9R76+sVtbzw1kdWNoqs7zGWuXnmYnYznKuc/N1LO9oFUT1j+g2AgKEDi7ZDBictLiDAbqFoH+nQ+PgrNQFzTIPF7p0DI5p+Tj86OzN53M3K5Zhr2ewfpS63071Xvbi9rU4RsByso6nNvw==","ssh-rsa AAAAB3NzaC1yc2EAAAADAQABAAACAQCjIh7G9D9j3gVtk05jLXDQYsRMK8b3Ijp8UPkVz3Zyn/gBNnMcS/YujNOScSFjYEtqMsrP1EcwWlBbzZCpCIkKdwvUN558KuPYF8jqf+vXPPFHoQRH5PFV/yGljuEmE6OEzWzHG+aISWwEICc7ChYyypnf/wkz8BT/g29F7PrDUpf7wh/TKpEhhv4DsCPfFtE92RFoO8eKA02EwausYdP3RS06rzjNM6ExGr2TlvYJi3tkCjqc4eP/UXA7Rsuwb061mjGcwLMh1SrGHeuwT8xLsM6prDPV6QsNIKmS1z0CGwWNkYrsR6/LLbS9y/hUsm+uYvuQ/mjpEiZbJFVqNGe/DpfHGuygRhJfwhqrv9CO3jFY2QIqFqcOeXmaKOVBSoalQI5aM7bNl1pYarIuLxuMgip1sjzJw0kxC9QZ4MHkKWrnFNW5kr08qRhEMnKPrHpervqFUvz5DVn+jbFTLemH7P+kzqQN+t3bewbycXdYfehGlEoRB6pxMkSwSz6NFu6RnpXzwZVyByammjIE/LKoci4tlODoU9REXIJ//9PtncpsW93kV6B5cZNih1+QouusmTaDY1meEXkaaZK1fuPdnXMIIzOJluxsI0DonSVEQ6OUYrghdCa14YMN0YjPJxbzssb7pqQeFwqeXE3wSQ3a72aHUrst/QH2X+FKZS9wKQ=="],"suspended_at":"0001-01-01 00:00:00 +0000 UTC","updated_at":"2025-06-19 10:23:17 +0000 UTC","username":"sosadtsia"},"sensitive_attributes":[]}]},{"mode":"managed","type":"github_actions_repository_permissions","name":"allow_actions","provider":"provider[\"registry.opentofu.org/integrations/github\"]","instances":[{"index_key":"aws_cost_optimization","schema_version":0,"attributes":{"allowed_actions":"all","allowed_actions_config":[],"enabled":true,"id":"aws-cost-optimization","repository":"aws-cost-optimization"},"sensitive_attributes":[],"private":"bnVsbA=="},{"index_key":"bike_parts_finder","schema_version":0,"attributes":{"allowed_actions":"all","allowed_actions_config":[],"enabled":true,"id":"bike-parts-finder","repository":"bike-parts-finder"},"sensitive_attributes":[],"private":"bnVsbA=="},{"index_key":"shell_scripts","schema_version":0,"attributes":{"allowed_actions":"all","allowed_actions_config":[],"enabled":true,"id":"scripts","repository":"scripts"},"sensitive_attributes":[],"private":"bnVsbA=="}]},{"module":"module.github_repositories[\"aws_cost_optimization\"]","mode":"managed","type":"github_branch_default","name":"default","provider":"provider[\"registry.opentofu.org/integrations/github\"]","instances":[{"schema_version":0,"attributes":{"branch":"main","etag":"W/\"e3b72412059b9f0f844c34df8763caf17f5e014a48422997db600851a149d049\"","id":"aws-cost-optimization","rename":false,"repository":"aws-cost-optimization"},"sensitive_attributes":[],"private":"bnVsbA==","dependencies":["module.github_repositories.github_repository.repository"]}]},{"module":"module.github_repositories[\"aws_cost_optimization\"]","mode":"managed","type":"github_branch_protection","name":"protection","provider":"provider[\"registry.opentofu.org/integrations/github\"]","instances":[{"index_key":"main","schema_version":2,"attributes":{"allows_deletions":true,"allows_force_pushes":false,"enforce_admins":false,"force_push_bypassers":[],"id":"BPR_kwDOPPe-Uc4D5xlE","lock_branch":false,"pattern":"main","repository_id":"aws-cost-optimization","require_conversation_resolution":false,"require_signed_commits":false,"required_linear_history":false,"required_pull_request_reviews":[{"dismiss_stale_reviews":true,"dismissal_restrictions":[],"pull_request_bypassers":[],"require_code_owner_reviews":true,"require_last_push_approval":true,"required_approving_review_count":1,"restrict_dismissals":false}],"required_status_checks":[{"contexts":[],"strict":true}],"restrict_pushes":[]},"sensitive_attributes":[],"private":"eyJzY2hlbWFfdmVyc2lvbiI6IjIifQ==","dependencies":["data.github_user.sosadtsia","module.github_repositories.github_branch.additional_branches","module.github_repositories.github_branch_default.default","module.github_repositories.github_repository.repository"]}]},{"module":"module.github_repositories[\"aws_cost_optimization\"]","mode":"managed","type":"github_repository","name":"repository","provider":"provider[\"registry.opentofu.org/integrations/github\"]","instances":[{"schema_version":1,"attributes":{"allow_auto_merge":false,"allow_merge_commit":true,"allow_rebase_merge":true,"allow_squash_merge":true,"allow_update_branch":true,"archive_on_destroy":null,"archived":false,"auto_init":true,"default_branch":"main","delete_branch_on_merge":true,"description":"AWS cost optimization project","etag":"W/\"e3b72412059b9f0f844c34df8763caf17f5e014a48422997db600851a149d049\"","full_name":"sosadtsia/aws-cost-optimization","git_clone_url":"git://github.com/sosadtsia/aws-cost-optimization.git","gitignore_template":null,"has_discussions":false,"has_downloads":false,"has_issues":false,"has_projects":false,"has_wiki":false,"homepage_url":"","html_url":"https://github.com/sosadtsia/aws-cost-optimization","http_clone_url":"https://github.com/sosadtsia/aws-cost-optimization.git","id":"aws-cost-optimization","ignore_vulnerability_alerts_during_read":null,"is_template":false,"license_template":null,"merge_commit_message":"PR_TITLE","merge_commit_title":"MERGE_MESSAGE","name":"aws-cost-optimization","node_id":"R_kgDOPPe-UQ","pages":[],"primary_language":"Python","private":false,"repo_id":1022869073,"security_and_analysis":[{"advanced_security":[],"secret_scanning":[{"status":"enabled"}],"secret_scanning_push_protection":[{"status":"enabled"}]}],"squash_merge_commit_message":"COMMIT_MESSAGES","squash_merge_commit_title":"COMMIT_OR_PR_TITLE","ssh_clone_url":"git@github.com:sosadtsia/aws-cost-optimization.git","svn_url":"https://github.com/sosadtsia/aws-cost-optimization","template":[],"topics":["aws"],"visibility":"public","vulnerability_alerts":false,"web_commit_signoff_required":false},"sensitive_attributes":[],"private":"eyJzY2hlbWFfdmVyc2lvbiI6IjEifQ=="}]},{"module":"module.github_repositories[\"aws_cost_optimization\"]","mode":"managed","type":"github_repository_file","name":"call-ci-renovate","provider":"provider[\"registry.opentofu.org/integrations/github\"]","instances":[{"index_key":0,"schema_version":0,"attributes":{"autocreate_branch":null,"autocreate_branch_source_branch":null,"autocreate_branch_source_sha":null,"branch":"main","commit_author":null,"commit_email":null,"commit_message":"Add CI renovate workflow","commit_sha":"c77f597827ce1e286b6fad7d54cdfa90a92d87ca","content":"##\n# call-ci-renovate.yaml\n# Automates dependency updates using Renovate.\n##\n---\nname: Call renovate bot\non:\n  workflow_dispatch:\n    inputs:\n      logLevel:\n        description: 'Override default log level'\n        required: false\n        default: 'info'\n        type: string\n      overrideSchedule:\n        description: 'Override all schedules'\n        required: false\n        default: 'false'\n        type: string\n\n  # Run twice in the early morning for initial and follow up steps (create pull request and merge)\n  schedule:\n    - cron: '30 4,6 * * *'\n\njobs:\n  call-ci-renovate:\n    name: Renovate\n    uses: sosadtsia/workflow-templates/.github/workflows/ci-renovate.yaml@main\n    secrets:\n      RENOVATE_APP_ID: ${{ secrets.RENOVATE_APP_ID }}\n      RENOVATE_PRIVATE_KEY: ${{ secrets.RENOVATE_PRIVATE_KEY }}\n    with:\n      logLevel: ${{ inputs.logLevel || 'info' }}\n      overrideSchedule: ${{ github.event.inputs.overrideSchedule == 'true' \u0026\u0026 '{''schedule'':null}' || '' }}\n","file":".github/workflows/call-ci-renovate.yaml","id":"aws-cost-optimization/.github/workflows/call-ci-renovate.yaml","overwrite_on_create":true,"ref":"main","repository":"aws-cost-optimization","sha":"43bc78cf0a7d177c7cb5501bda2504c236eb0db5"},"sensitive_attributes":[],"private":"bnVsbA==","dependencies":["module.github_repositories.github_repository.repository"]}]},{"module":"module.github_repositories[\"aws_cost_optimization\"]","mode":"managed","type":"github_repository_file","name":"call-linter","provider":"provider[\"registry.opentofu.org/integrations/github\"]","instances":[{"index_key":0,"schema_version":0,"attributes":{"autocreate_branch":null,"autocreate_branch_source_branch":null,"autocreate_branch_source_sha":null,"branch":"main","commit_author":null,"commit_email":null,"commit_message":"Add linter workflow","commit_sha":"3c8045d63d9159dc4636b4d16220215fa654dc43","content":"##\n# call-linter.yaml\n# Calls remote workflow to run static code analysis.\n##\n---\nname: Linting\non:\n  pull_request:\n    branches: [main]\n\njobs:\n  call-common:\n    name: Call Linter\n    uses: sosadtsia/workflow-templates/.github/workflows/linter.yaml@main\n    secrets: inherit\n","file":".github/workflows/call-linter.yaml","id":"aws-cost-optimization/.github/workflows/call-linter.yaml","overwrite_on_create":true,"ref":"main","repository":"aws-cost-optimization","sha":"3f1fa5a7af8270baef25031f2dbd0d59e6691200"},"sensitive_attributes":[],"private":"bnVsbA==","dependencies":["module.github_repositories.github_repository.repository"]}]},{"module":"module.github_repositories[\"aws_cost_optimization\"]","mode":"managed","type":"github_repository_file","name":"renovate-json5","provider":"provider[\"registry.opentofu.org/integrations/github\"]","instances":[{"index_key":0,"schema_version":0,"attributes":{"autocreate_branch":null,"autocreate_branch_source_branch":null,"autocreate_branch_source_sha":null,"branch":"main","commit_author":null,"commit_email":null,"commit_message":"Add renovate configuration","commit_sha":"c2bae76ea8e53eb7e9747d14df0ce1955f9222be","content":"{\n    $schema: 'https://docs.renovatebot.com/renovate-schema.json',\n    extends: ['github\u003esosadtsia/renovate-config']\n}\n","file":".github/renovate.json5","id":"aws-cost-optimization/.github/renovate.json5","overwrite_on_create":true,"ref":"main","repository":"aws-cost-optimization","sha":"a1882a6b1d80be03dd091d3a2c41b25d44f0187c"},"sensitive_attributes":[],"private":"bnVsbA==","dependencies":["module.github_repositories.github_repository.repository"]}]},{"module":"module.github_repositories[\"bike_parts_finder\"]","mode":"managed","type":"github_branch","name":"additional_branches","provider":"provider[\"registry.opentofu.org/integrations/github\"]","instances":[{"index_key":"develop","schema_version":0,"attributes":{"branch":"develop","etag":"W/\"61edc84465052df555fce739f1d6c8e5777bd2ffc2c266a9561a7edc87f846fa\"","id":"bike-parts-finder:develop","ref":"refs/heads/develop","repository":"bike-parts-finder","sha":"11775abb8478644c4f81960f26923c9a85fe50ca","source_branch":"main","source_sha":"11775abb8478644c4f81960f26923c9a85fe50ca"},"sensitive_attributes":[],"private":"bnVsbA==","dependencies":["module.github_repositories.github_repository.repository"]},{"index_key":"production","schema_version":0,"attributes":{"branch":"production","etag":"W/\"bb50dd64a4e9017a42aa565f5c8d228f938b95e390d1db40e7105ff836c14f87\"","id":"bike-parts-finder:production","ref":"refs/heads/production","repository":"bike-parts-finder","sha":"11775abb8478644c4f81960f26923c9a85fe50ca","source_branch":"main","source_sha":"11775abb8478644c4f81960f26923c9a85fe50ca"},"sensitive_attributes":[],"private":"bnVsbA==","dependencies":["module.github_repositories.github_repository.repository"]}]},{"module":"module.github_repositories[\"bike_parts_finder\"]","mode":"managed","type":"github_branch_default","name":"default","provider":"provider[\"registry.opentofu.org/integrations/github\"]","instances":[{"schema_version":0,"attributes":{"branch":"main","etag":"W/\"fbae3a253ea8895d23c2ca01ac9b61c3e0164cdfec131b84d40381203cd254a4\"","id":"bike-parts-finder","rename":false,"repository":"bike-parts-finder"},"sensitive_attributes":[],"private":"bnVsbA==","dependencies":["module.github_repositories.github_repository.repository"]}]},{"module":"module.github_repositories[\"bike_parts_finder\"]","mode":"managed","type":"github_branch_protection","name":"protection","provider":"provider[\"registry.opentofu.org/integrations/github\"]","instances":[{"index_key":"develop","schema_version":2,"attributes":{"allows_deletions":true,"allows_force_pushes":false,"enforce_admins":false,"force_push_bypassers":[],"id":"BPR_kwDOPPe-Wc4D5xlT","lock_branch":false,"pattern":"develop","repository_id":"bike-parts-finder","require_conversation_resolution":false,"require_signed_commits":false,"required_linear_history":false,"required_pull_request_reviews":[{"dismiss_stale_reviews":true,"dismissal_restrictions":[],"pull_request_bypassers":[],"require_code_owner_reviews":true,"require_last_push_approval":true,"required_approving_review_count":1,"restrict_dismissals":false}],"required_status_checks":[{"contexts":[],"strict":true}],"restrict_pushes":[]},"sensitive_attributes":[],"private":"eyJzY2hlbWFfdmVyc2lvbiI6IjIifQ==","dependencies":["data.github_user.sosadtsia","module.github_repositories.github_branch.additional_branches","module.github_repositories.github_branch_default.default","module.github_repositories.github_repository.repository"]},{"index_key":"main","schema_version":2,"attributes":{"allows_deletions":true,"allows_force_pushes":false,"enforce_admins":false,"force_push_bypassers":[],"id":"BPR_kwDOPPe-Wc4D5xlU","lock_branch":false,"pattern":"main","repository_id":"bike-parts-finder","require_conversation_resolution":false,"require_signed_commits":false,"required_linear_history":false,"required_pull_request_reviews":[{"dismiss_stale_reviews":true,"dismissal_restrictions":[],"pull_request_bypassers":[],"require_code_owner_reviews":true,"require_last_push_approval":true,"required_approving_review_count":1,"restrict_dismissals":false}],"required_status_checks":[{"contexts":[],"strict":true}],"restrict_pushes":[]},"sensitive_attributes":[],"private":"eyJzY2hlbWFfdmVyc2lvbiI6IjIifQ==","dependencies":["data.github_user.sosadtsia","module.github_repositories.github_branch.additional_branches","module.github_repositories.github_branch_default.default","module.github_repositories.github_repository.repository"]},{"index_key":"production","schema_version":2,"attributes":{"allows_deletions":true,"allows_force_pushes":false,"enforce_admins":false,"force_push_bypassers":[],"id":"BPR_kwDOPPe-Wc4D5xlS","lock_branch":false,"pattern":"production","repository_id":"bike-parts-finder","require_conversation_resolution":false,"require_signed_commits":false,"required_linear_history":false,"required_pull_request_reviews":[{"dismiss_stale_reviews":true,"dismissal_restrictions":[],"pull_request_bypassers":[],"require_code_owner_reviews":true,"require_last_push_approval":true,"required_approving_review_count":1,"restrict_dismissals":false}],"required_status_checks":[{"contexts":[],"strict":true}],"restrict_pushes":[]},"sensitive_attributes":[],"private":"eyJzY2hlbWFfdmVyc2lvbiI6IjIifQ==","dependencies":["data.github_user.sosadtsia","module.github_repositories.github_branch.additional_branches","module.github_repositories.github_branch_default.default","module.github_repositories.github_repository.repository"]}]},{"module":"module.github_repositories[\"bike_parts_finder\"]","mode":"managed","type":"github_repository","name":"repository","provider":"provider[\"registry.opentofu.org/integrations/github\"]","instances":[{"schema_version":1,"attributes":{"allow_auto_merge":false,"allow_merge_commit":true,"allow_rebase_merge":true,"allow_squash_merge":true,"allow_update_branch":true,"archive_on_destroy":null,"archived":false,"auto_init":true,"default_branch":"main","delete_branch_on_merge":true,"description":"Project that helps to find bike parts","etag":"W/\"fbae3a253ea8895d23c2ca01ac9b61c3e0164cdfec131b84d40381203cd254a4\"","full_name":"sosadtsia/bike-parts-finder","git_clone_url":"git://github.com/sosadtsia/bike-parts-finder.git","gitignore_template":null,"has_discussions":false,"has_downloads":false,"has_issues":false,"has_projects":false,"has_wiki":false,"homepage_url":"","html_url":"https://github.com/sosadtsia/bike-parts-finder","http_clone_url":"https://github.com/sosadtsia/bike-parts-finder.git","id":"bike-parts-finder","ignore_vulnerability_alerts_during_read":null,"is_template":false,"license_template":null,"merge_commit_message":"PR_TITLE","merge_commit_title":"MERGE_MESSAGE","name":"bike-parts-finder","node_id":"R_kgDOPPe-WQ","pages":[],"primary_language":"Go","private":false,"repo_id":1022869081,"security_and_analysis":[{"advanced_security":[],"secret_scanning":[{"status":"enabled"}],"secret_scanning_push_protection":[{"status":"enabled"}]}],"squash_merge_commit_message":"COMMIT_MESSAGES","squash_merge_commit_title":"COMMIT_OR_PR_TITLE","ssh_clone_url":"git@github.com:sosadtsia/bike-parts-finder.git","svn_url":"https://github.com/sosadtsia/bike-parts-finder","template":[],"topics":["aws"],"visibility":"public","vulnerability_alerts":false,"web_commit_signoff_required":false},"sensitive_attributes":[],"private":"eyJzY2hlbWFfdmVyc2lvbiI6IjEifQ=="}]},{"module":"module.github_repositories[\"bike_parts_finder\"]","mode":"managed","type":"github_repository_file","name":"call-ci-renovate","provider":"provider[\"registry.opentofu.org/integrations/github\"]","instances":[{"index_key":0,"schema_version":0,"attributes":{"autocreate_branch":null,"autocreate_branch_source_branch":null,"autocreate_branch_source_sha":null,"branch":"main","commit_author":null,"commit_email":null,"commit_message":"Add CI renovate workflow","commit_sha":"0d6d17df85d06f27999b84aba9ac4183f154eead","content":"##\n# call-ci-renovate.yaml\n# Automates dependency updates using Renovate.\n##\n---\nname: Call renovate bot\non:\n  workflow_dispatch:\n    inputs:\n      logLevel:\n        description: 'Override default log level'\n        required: false\n        default: 'info'\n        type: string\n      overrideSchedule:\n        description: 'Override all schedules'\n        required: false\n        default: 'false'\n        type: string\n\n  # Run twice in the early morning for initial and follow up steps (create pull request and merge)\n  schedule:\n    - cron: '30 4,6 * * *'\n\njobs:\n  call-ci-renovate:\n    name: Renovate\n    uses: sosadtsia/workflow-templates/.github/workflows/ci-renovate.yaml@main\n    secrets:\n      RENOVATE_APP_ID: ${{ secrets.RENOVATE_APP_ID }}\n      RENOVATE_PRIVATE_KEY: ${{ secrets.RENOVATE_PRIVATE_KEY }}\n    with:\n      logLevel: ${{ inputs.logLevel || 'info' }}\n      overrideSchedule: ${{ github.event.inputs.overrideSchedule == 'true' \u0026\u0026 '{''schedule'':null}' || '' }}\n","file":".github/workflows/call-ci-renovate.yaml","id":"bike-parts-finder/.github/workflows/call-ci-renovate.yaml","overwrite_on_create":true,"ref":"main","repository":"bike-parts-finder","sha":"43bc78cf0a7d177c7cb5501bda2504c236eb0db5"},"sensitive_attributes":[],"private":"bnVsbA==","dependencies":["module.github_repositories.github_repository.repository"]}]},{"module":"module.github_repositories[\"bike_parts_finder\"]","mode":"managed","type":"github_repository_file","name":"call-linter","provider":"provider[\"registry.opentofu.org/integrations/github\"]","instances":[{"index_key":0,"schema_version":0,"attributes":{"autocreate_branch":null,"autocreate_branch_source_branch":null,"autocreate_branch_source_sha":null,"branch":"main","commit_author":null,"commit_email":null,"commit_message":"Add linter workflow","commit_sha":"a8b14df361481b79cb96a624b9eb15eef4a33d9c","content":"##\n# call-linter.yaml\n# Calls remote workflow to run static code analysis.\n##\n---\nname: Linting\non:\n  pull_request:\n    branches: [main]\n\njobs:\n  call-common:\n    name: Call Linter\n    uses: sosadtsia/workflow-templates/.github/workflows/linter.yaml@main\n    secrets: inherit\n","file":".github/workflows/call-linter.yaml","id":"bike-parts-finder/.github/workflows/call-linter.yaml","overwrite_on_create":true,"ref":"main","repository":"bike-parts-finder","sha":"3f1fa5a7af8270baef25031f2dbd0d59e6691200"},"sensitive_attributes":[],"private":"bnVsbA==","dependencies":["module.github_repositories.github_repository.repository"]}]},{"module":"module.github_repositories[\"bike_parts_finder\"]","mode":"managed","type":"github_repository_file","name":"renovate-json5","provider":"provider[\"registry.opentofu.org/integrations/github\"]","instances":[{"index_key":0,"schema_version":0,"attributes":{"autocreate_branch":null,"autocreate_branch_source_branch":null,"autocreate_branch_source_sha":null,"branch":"main","commit_author":null,"commit_email":null,"commit_message":"Add renovate configuration","commit_sha":"5759bd8bd4c9c1f245f156abd52aff2a6f6d7d4f","content":"{\n    $schema: 'https://docs.renovatebot.com/renovate-schema.json',\n    extends: ['github\u003esosadtsia/renovate-config']\n}\n","file":".github/renovate.json5","id":"bike-parts-finder/.github/renovate.json5","overwrite_on_create":true,"ref":"main","repository":"bike-parts-finder","sha":"a1882a6b1d80be03dd091d3a2c41b25d44f0187c"},"sensitive_attributes":[],"private":"bnVsbA==","dependencies":["module.github_repositories.github_repository.repository"]}]},{"module":"module.github_repositories[\"shell_scripts\"]","mode":"managed","type":"github_branch_default","name":"default","provider":"provider[\"registry.opentofu.org/integrations/github\"]","instances":[{"schema_version":0,"attributes":{"branch":"main","etag":"W/\"9937657d74a97933fcef4d61e2a8c706bdbef0a79a65fa367070ff69d7d0ae8c\"","id":"scripts","rename":false,"repository":"scripts"},"sensitive_attributes":[],"private":"bnVsbA==","dependencies":["module.github_repositories.github_repository.repository"]}]},{"module":"module.github_repositories[\"shell_scripts\"]","mode":"managed","type":"github_branch_protection","name":"protection","provider":"provider[\"registry.opentofu.org/integrations/github\"]","instances":[{"index_key":"main","schema_version":2,"attributes":{"allows_deletions":true,"allows_force_pushes":false,"enforce_admins":false,"force_push_bypassers":[],"id":"BPR_kwDOPPe-Rc4D5xlK","lock_branch":false,"pattern":"main","repository_id":"scripts","require_conversation_resolution":false,"require_signed_commits":false,"required_linear_history":false,"required_pull_request_reviews":[{"dismiss_stale_reviews":true,"dismissal_restrictions":[],"pull_request_bypassers":[],"require_code_owner_reviews":true,"require_last_push_approval":true,"required_approving_review_count":1,"restrict_dismissals":false}],"required_status_checks":[{"contexts":[],"strict":true}],"restrict_pushes":[]},"sensitive_attributes":[],"private":"eyJzY2hlbWFfdmVyc2lvbiI6IjIifQ==","dependencies":["data.github_user.sosadtsia","module.github_repositories.github_branch.additional_branches","module.github_repositories.github_branch_default.default","module.github_repositories.github_repository.repository"]}]},{"module":"module.github_repositories[\"shell_scripts\"]","mode":"managed","type":"github_repository","name":"repository","provider":"provider[\"registry.opentofu.org/integrations/github\"]","instances":[{"schema_version":1,"attributes":{"allow_auto_merge":false,"allow_merge_commit":true,"allow_rebase_merge":true,"allow_squash_merge":true,"allow_update_branch":true,"archive_on_destroy":null,"archived":false,"auto_init":true,"default_branch":"main","delete_branch_on_merge":true,"description":"Scripts for various tasks","etag":"W/\"9937657d74a97933fcef4d61e2a8c706bdbef0a79a65fa367070ff69d7d0ae8c\"","full_name":"sosadtsia/scripts","git_clone_url":"git://github.com/sosadtsia/scripts.git","gitignore_template":null,"has_discussions":false,"has_downloads":false,"has_issues":false,"has_projects":false,"has_wiki":false,"homepage_url":"","html_url":"https://github.com/sosadtsia/scripts","http_clone_url":"https://github.com/sosadtsia/scripts.git","id":"scripts","ignore_vulnerability_alerts_during_read":null,"is_template":false,"license_template":null,"merge_commit_message":"PR_TITLE","merge_commit_title":"MERGE_MESSAGE","name":"scripts","node_id":"R_kgDOPPe-RQ","pages":[],"primary_language":"","private":false,"repo_id":1022869061,"security_and_analysis":[{"advanced_security":[],"secret_scanning":[{"status":"enabled"}],"secret_scanning_push_protection":[{"status":"enabled"}]}],"squash_merge_commit_message":"COMMIT_MESSAGES","squash_merge_commit_title":"COMMIT_OR_PR_TITLE","ssh_clone_url":"git@github.com:sosadtsia/scripts.git","svn_url":"https://github.com/sosadtsia/scripts","template":[],"topics":["scripts"],"visibility":"public","vulnerability_alerts":false,"web_commit_signoff_required":false},"sensitive_attributes":[],"private":"eyJzY2hlbWFfdmVyc2lvbiI6IjEifQ=="}]},{"module":"module.github_repositories[\"shell_scripts\"]","mode":"managed","type":"github_repository_file","name":"call-ci-renovate","provider":"provider[\"registry.opentofu.org/integrations/github\"]","instances":[{"index_key":0,"schema_version":0,"attributes":{"autocreate_branch":null,"autocreate_branch_source_branch":null,"autocreate_branch_source_sha":null,"branch":"main","commit_author":null,"commit_email":null,"commit_message":"Add CI renovate workflow","commit_sha":"e3243bb473455e751b27cfd6c6bf0413fe6f7396","content":"##\n# call-ci-renovate.yaml\n# Automates dependency updates using Renovate.\n##\n---\nname: Call renovate bot\non:\n  workflow_dispatch:\n    inputs:\n      logLevel:\n        description: 'Override default log level'\n        required: false\n        default: 'info'\n        type: string\n      overrideSchedule:\n        description: 'Override all schedules'\n        required: false\n        default: 'false'\n        type: string\n\n  # Run twice in the early morning for initial and follow up steps (create pull request and merge)\n  schedule:\n    - cron: '30 4,6 * * *'\n\njobs:\n  call-ci-renovate:\n    name: Renovate\n    uses: sosadtsia/workflow-templates/.github/workflows/ci-renovate.yaml@main\n    secrets:\n      RENOVATE_APP_ID: ${{ secrets.RENOVATE_APP_ID }}\n      RENOVATE_PRIVATE_KEY: ${{ secrets.RENOVATE_PRIVATE_KEY }}\n    with:\n      logLevel: ${{ inputs.logLevel || 'info' }}\n      overrideSchedule: ${{ github.event.inputs.overrideSchedule == 'true' \u0026\u0026 '{''schedule'':null}' || '' }}\n","file":".github/workflows/call-ci-renovate.yaml","id":"scripts/.github/workflows/call-ci-renovate.yaml","overwrite_on_create":true,"ref":"main","repository":"scripts","sha":"43bc78cf0a7d177c7cb5501bda2504c236eb0db5"},"sensitive_attributes":[],"private":"bnVsbA==","dependencies":["module.github_repositories.github_repository.repository"]}]},{"module":"module.github_repositories[\"shell_scripts\"]","mode":"managed","type":"github_repository_file","name":"call-linter","provider":"provider[\"registry.opentofu.org/integrations/github\"]","instances":[{"index_key":0,"schema_version":0,"attributes":{"autocreate_branch":null,"autocreate_branch_source_branch":null,"autocreate_branch_source_sha":null,"branch":"main","commit_author":null,"commit_email":null,"commit_message":"Add linter workflow","commit_sha":"dc1f1bcc565dc3c802822de88514c3ff3b2bee13","content":"##\n# call-linter.yaml\n# Calls remote workflow to run static code analysis.\n##\n---\nname: Linting\non:\n  pull_request:\n    branches: [main]\n\njobs:\n  call-common:\n    name: Call Linter\n    uses: sosadtsia/workflow-templates/.github/workflows/linter.yaml@main\n    secrets: inherit\n","file":".github/workflows/call-linter.yaml","id":"scripts/.github/workflows/call-linter.yaml","overwrite_on_create":true,"ref":"main","repository":"scripts","sha":"3f1fa5a7af8270baef25031f2dbd0d59e6691200"},"sensitive_attributes":[],"private":"bnVsbA==","dependencies":["module.github_repositories.github_repository.repository"]}]},{"module":"module.github_repositories[\"shell_scripts\"]","mode":"managed","type":"github_repository_file","name":"renovate-json5","provider":"provider[\"registry.opentofu.org/integrations/github\"]","instances":[{"index_key":0,"schema_version":0,"attributes":{"autocreate_branch":null,"autocreate_branch_source_branch":null,"autocreate_branch_source_sha":null,"branch":"main","commit_author":null,"commit_email":null,"commit_message":"Add renovate configuration","commit_sha":"563a36a7d7782717e6c4a5cd58ba07397bd9f003","content":"{\n    $schema: 'https://docs.renovatebot.com/renovate-schema.json',\n    extends: ['github\u003esosadtsia/renovate-config']\n}\n","file":".github/renovate.json5","id":"scripts/.github/renovate.json5","overwrite_on_create":true,"ref":"main","repository":"scripts","sha":"a1882a6b1d80be03dd091d3a2c41b25d44f0187c"},"sensitive_attributes":[],"private":"bnVsbA==","dependencies":["module.github_repositories.github_repository.repository"]}]}],"check_results":[{"object_kind":"var","config_addr":"var.repositories","status":"pass","objects":[{"object_addr":"var.repositories","status":"pass"}]}]}
