{"version":4,"terraform_version":"1.10.3","serial":3,"lineage":"3f333bb5-1e4f-b734-834e-2a85ddd6f387","outputs":{},"resources":[{"module":"module.github_repositories[\"aws_cost_optimization\"]","mode":"managed","type":"github_branch_default","name":"default","provider":"provider[\"registry.opentofu.org/integrations/github\"]","instances":[{"schema_version":0,"attributes":{"branch":"main","etag":"W/\"395f993d9271ad92c4d5d91926cfb76471f52151af28f166d94d9b80cf57f881\"","id":"aws-cost-optimization","rename":false,"repository":"aws-cost-optimization"},"sensitive_attributes":[],"private":"bnVsbA==","dependencies":["module.github_repositories.github_repository.repository"]}]},{"module":"module.github_repositories[\"aws_cost_optimization\"]","mode":"managed","type":"github_branch_protection","name":"protection","provider":"provider[\"registry.opentofu.org/integrations/github\"]","instances":[{"index_key":"main","schema_version":2,"attributes":{"allows_deletions":true,"allows_force_pushes":false,"enforce_admins":false,"force_push_bypassers":null,"id":"BPR_kwDOPPe-Uc4D5xlE","lock_branch":false,"pattern":"main","repository_id":"aws-cost-optimization","require_conversation_resolution":false,"require_signed_commits":false,"required_linear_history":false,"required_pull_request_reviews":[{"dismiss_stale_reviews":true,"dismissal_restrictions":null,"pull_request_bypassers":null,"require_code_owner_reviews":true,"require_last_push_approval":true,"required_approving_review_count":1,"restrict_dismissals":false}],"required_status_checks":[{"contexts":null,"strict":true}],"restrict_pushes":[]},"sensitive_attributes":[],"private":"eyJzY2hlbWFfdmVyc2lvbiI6IjIifQ==","dependencies":["module.github_repositories.github_branch.additional_branches","module.github_repositories.github_branch_default.default","module.github_repositories.github_repository.repository"]}]},{"module":"module.github_repositories[\"aws_cost_optimization\"]","mode":"managed","type":"github_repository","name":"repository","provider":"provider[\"registry.opentofu.org/integrations/github\"]","instances":[{"schema_version":1,"attributes":{"allow_auto_merge":false,"allow_merge_commit":true,"allow_rebase_merge":true,"allow_squash_merge":true,"allow_update_branch":false,"archive_on_destroy":null,"archived":false,"auto_init":true,"default_branch":"main","delete_branch_on_merge":true,"description":"AWS cost optimization project","etag":"W/\"395f993d9271ad92c4d5d91926cfb76471f52151af28f166d94d9b80cf57f881\"","full_name":"sosadtsia/aws-cost-optimization","git_clone_url":"git://github.com/sosadtsia/aws-cost-optimization.git","gitignore_template":null,"has_discussions":false,"has_downloads":false,"has_issues":false,"has_projects":false,"has_wiki":false,"homepage_url":"","html_url":"https://github.com/sosadtsia/aws-cost-optimization","http_clone_url":"https://github.com/sosadtsia/aws-cost-optimization.git","id":"aws-cost-optimization","ignore_vulnerability_alerts_during_read":null,"is_template":false,"license_template":null,"merge_commit_message":"PR_TITLE","merge_commit_title":"MERGE_MESSAGE","name":"aws-cost-optimization","node_id":"R_kgDOPPe-UQ","pages":[],"primary_language":"","private":false,"repo_id":1022869073,"security_and_analysis":[{"advanced_security":[],"secret_scanning":[{"status":"enabled"}],"secret_scanning_push_protection":[{"status":"enabled"}]}],"squash_merge_commit_message":"COMMIT_MESSAGES","squash_merge_commit_title":"COMMIT_OR_PR_TITLE","ssh_clone_url":"git@github.com:sosadtsia/aws-cost-optimization.git","svn_url":"https://github.com/sosadtsia/aws-cost-optimization","template":[],"topics":["aws"],"visibility":"public","vulnerability_alerts":false,"web_commit_signoff_required":false},"sensitive_attributes":[],"private":"eyJzY2hlbWFfdmVyc2lvbiI6IjEifQ=="}]},{"module":"module.github_repositories[\"aws_cost_optimization\"]","mode":"managed","type":"github_repository_file","name":"call-ci-renovate","provider":"provider[\"registry.opentofu.org/integrations/github\"]","instances":[{"index_key":0,"schema_version":0,"attributes":{"autocreate_branch":null,"autocreate_branch_source_branch":null,"autocreate_branch_source_sha":null,"branch":"main","commit_author":null,"commit_email":null,"commit_message":"Add CI renovate workflow","commit_sha":"c77f597827ce1e286b6fad7d54cdfa90a92d87ca","content":"##\n# call-ci-renovate.yaml\n# Automates dependency updates using Renovate.\n##\n---\nname: Call renovate bot\non:\n  workflow_dispatch:\n    inputs:\n      logLevel:\n        description: 'Override default log level'\n        required: false\n        default: 'info'\n        type: string\n      overrideSchedule:\n        description: 'Override all schedules'\n        required: false\n        default: 'false'\n        type: string\n\n  # Run twice in the early morning for initial and follow up steps (create pull request and merge)\n  schedule:\n    - cron: '30 4,6 * * *'\n\njobs:\n  call-ci-renovate:\n    name: Renovate\n    uses: sosadtsia/workflow-templates/.github/workflows/ci-renovate.yaml@main\n    secrets:\n      RENOVATE_APP_ID: ${{ secrets.RENOVATE_APP_ID }}\n      RENOVATE_PRIVATE_KEY: ${{ secrets.RENOVATE_PRIVATE_KEY }}\n    with:\n      logLevel: ${{ inputs.logLevel || 'info' }}\n      overrideSchedule: ${{ github.event.inputs.overrideSchedule == 'true' \u0026\u0026 '{''schedule'':null}' || '' }}\n","file":".github/workflows/call-ci-renovate.yaml","id":"aws-cost-optimization/.github/workflows/call-ci-renovate.yaml","overwrite_on_create":true,"ref":"main","repository":"aws-cost-optimization","sha":"43bc78cf0a7d177c7cb5501bda2504c236eb0db5"},"sensitive_attributes":[],"private":"bnVsbA==","dependencies":["module.github_repositories.github_repository.repository"]}]},{"module":"module.github_repositories[\"aws_cost_optimization\"]","mode":"managed","type":"github_repository_file","name":"call-linter","provider":"provider[\"registry.opentofu.org/integrations/github\"]","instances":[{"index_key":0,"schema_version":0,"attributes":{"autocreate_branch":null,"autocreate_branch_source_branch":null,"autocreate_branch_source_sha":null,"branch":"main","commit_author":null,"commit_email":null,"commit_message":"Add linter workflow","commit_sha":"3c8045d63d9159dc4636b4d16220215fa654dc43","content":"##\n# call-linter.yaml\n# Calls remote workflow to run static code analysis.\n##\n---\nname: Linting\non:\n  pull_request:\n    branches: [main]\n\njobs:\n  call-common:\n    name: Call Linter\n    uses: sosadtsia/workflow-templates/.github/workflows/linter.yaml@main\n    secrets: inherit\n","file":".github/workflows/call-linter.yaml","id":"aws-cost-optimization/.github/workflows/call-linter.yaml","overwrite_on_create":true,"ref":"main","repository":"aws-cost-optimization","sha":"3f1fa5a7af8270baef25031f2dbd0d59e6691200"},"sensitive_attributes":[],"private":"bnVsbA==","dependencies":["module.github_repositories.github_repository.repository"]}]},{"module":"module.github_repositories[\"aws_cost_optimization\"]","mode":"managed","type":"github_repository_file","name":"renovate-json5","provider":"provider[\"registry.opentofu.org/integrations/github\"]","instances":[{"index_key":0,"schema_version":0,"attributes":{"autocreate_branch":null,"autocreate_branch_source_branch":null,"autocreate_branch_source_sha":null,"branch":"main","commit_author":null,"commit_email":null,"commit_message":"Add renovate configuration","commit_sha":"c2bae76ea8e53eb7e9747d14df0ce1955f9222be","content":"{\n    $schema: 'https://docs.renovatebot.com/renovate-schema.json',\n    extends: ['github\u003esosadtsia/renovate-config']\n}\n","file":".github/renovate.json5","id":"aws-cost-optimization/.github/renovate.json5","overwrite_on_create":true,"ref":"main","repository":"aws-cost-optimization","sha":"a1882a6b1d80be03dd091d3a2c41b25d44f0187c"},"sensitive_attributes":[],"private":"bnVsbA==","dependencies":["module.github_repositories.github_repository.repository"]}]},{"module":"module.github_repositories[\"bike_parts_finder\"]","mode":"managed","type":"github_branch","name":"additional_branches","provider":"provider[\"registry.opentofu.org/integrations/github\"]","instances":[{"index_key":"develop","schema_version":0,"attributes":{"branch":"develop","etag":"W/\"61edc84465052df555fce739f1d6c8e5777bd2ffc2c266a9561a7edc87f846fa\"","id":"bike-parts-finder:develop","ref":"refs/heads/develop","repository":"bike-parts-finder","sha":"11775abb8478644c4f81960f26923c9a85fe50ca","source_branch":"main","source_sha":"11775abb8478644c4f81960f26923c9a85fe50ca"},"sensitive_attributes":[],"private":"bnVsbA==","dependencies":["module.github_repositories.github_repository.repository"]},{"index_key":"production","schema_version":0,"attributes":{"branch":"production","etag":"W/\"bb50dd64a4e9017a42aa565f5c8d228f938b95e390d1db40e7105ff836c14f87\"","id":"bike-parts-finder:production","ref":"refs/heads/production","repository":"bike-parts-finder","sha":"11775abb8478644c4f81960f26923c9a85fe50ca","source_branch":"main","source_sha":"11775abb8478644c4f81960f26923c9a85fe50ca"},"sensitive_attributes":[],"private":"bnVsbA==","dependencies":["module.github_repositories.github_repository.repository"]}]},{"module":"module.github_repositories[\"bike_parts_finder\"]","mode":"managed","type":"github_branch_default","name":"default","provider":"provider[\"registry.opentofu.org/integrations/github\"]","instances":[{"schema_version":0,"attributes":{"branch":"main","etag":"W/\"fb9acafaf1d4e60c995fdfb58519522793f757b47125b70bbd3ba39ddd236f8c\"","id":"bike-parts-finder","rename":false,"repository":"bike-parts-finder"},"sensitive_attributes":[],"private":"bnVsbA==","dependencies":["module.github_repositories.github_repository.repository"]}]},{"module":"module.github_repositories[\"bike_parts_finder\"]","mode":"managed","type":"github_branch_protection","name":"protection","provider":"provider[\"registry.opentofu.org/integrations/github\"]","instances":[{"index_key":"develop","schema_version":2,"attributes":{"allows_deletions":true,"allows_force_pushes":false,"enforce_admins":false,"force_push_bypassers":null,"id":"BPR_kwDOPPe-Wc4D5xlT","lock_branch":false,"pattern":"develop","repository_id":"bike-parts-finder","require_conversation_resolution":false,"require_signed_commits":false,"required_linear_history":false,"required_pull_request_reviews":[{"dismiss_stale_reviews":true,"dismissal_restrictions":null,"pull_request_bypassers":null,"require_code_owner_reviews":true,"require_last_push_approval":true,"required_approving_review_count":1,"restrict_dismissals":false}],"required_status_checks":[{"contexts":null,"strict":true}],"restrict_pushes":[]},"sensitive_attributes":[],"private":"eyJzY2hlbWFfdmVyc2lvbiI6IjIifQ==","dependencies":["module.github_repositories.github_branch.additional_branches","module.github_repositories.github_branch_default.default","module.github_repositories.github_repository.repository"]},{"index_key":"main","schema_version":2,"attributes":{"allows_deletions":true,"allows_force_pushes":false,"enforce_admins":false,"force_push_bypassers":null,"id":"BPR_kwDOPPe-Wc4D5xlU","lock_branch":false,"pattern":"main","repository_id":"bike-parts-finder","require_conversation_resolution":false,"require_signed_commits":false,"required_linear_history":false,"required_pull_request_reviews":[{"dismiss_stale_reviews":true,"dismissal_restrictions":null,"pull_request_bypassers":null,"require_code_owner_reviews":true,"require_last_push_approval":true,"required_approving_review_count":1,"restrict_dismissals":false}],"required_status_checks":[{"contexts":null,"strict":true}],"restrict_pushes":[]},"sensitive_attributes":[],"private":"eyJzY2hlbWFfdmVyc2lvbiI6IjIifQ==","dependencies":["module.github_repositories.github_branch.additional_branches","module.github_repositories.github_branch_default.default","module.github_repositories.github_repository.repository"]},{"index_key":"production","schema_version":2,"attributes":{"allows_deletions":true,"allows_force_pushes":false,"enforce_admins":false,"force_push_bypassers":null,"id":"BPR_kwDOPPe-Wc4D5xlS","lock_branch":false,"pattern":"production","repository_id":"bike-parts-finder","require_conversation_resolution":false,"require_signed_commits":false,"required_linear_history":false,"required_pull_request_reviews":[{"dismiss_stale_reviews":true,"dismissal_restrictions":null,"pull_request_bypassers":null,"require_code_owner_reviews":true,"require_last_push_approval":true,"required_approving_review_count":1,"restrict_dismissals":false}],"required_status_checks":[{"contexts":null,"strict":true}],"restrict_pushes":[]},"sensitive_attributes":[],"private":"eyJzY2hlbWFfdmVyc2lvbiI6IjIifQ==","dependencies":["module.github_repositories.github_branch.additional_branches","module.github_repositories.github_branch_default.default","module.github_repositories.github_repository.repository"]}]},{"module":"module.github_repositories[\"bike_parts_finder\"]","mode":"managed","type":"github_repository","name":"repository","provider":"provider[\"registry.opentofu.org/integrations/github\"]","instances":[{"schema_version":1,"attributes":{"allow_auto_merge":false,"allow_merge_commit":true,"allow_rebase_merge":true,"allow_squash_merge":true,"allow_update_branch":false,"archive_on_destroy":null,"archived":false,"auto_init":true,"default_branch":"main","delete_branch_on_merge":true,"description":"Project that helps to find bike parts","etag":"W/\"4467d42761b041bd307c87f6079f24d2367bfa8ebcfe1057718f37479486ff8b\"","full_name":"sosadtsia/bike-parts-finder","git_clone_url":"git://github.com/sosadtsia/bike-parts-finder.git","gitignore_template":null,"has_discussions":false,"has_downloads":false,"has_issues":false,"has_projects":false,"has_wiki":false,"homepage_url":"","html_url":"https://github.com/sosadtsia/bike-parts-finder","http_clone_url":"https://github.com/sosadtsia/bike-parts-finder.git","id":"bike-parts-finder","ignore_vulnerability_alerts_during_read":null,"is_template":false,"license_template":null,"merge_commit_message":"PR_TITLE","merge_commit_title":"MERGE_MESSAGE","name":"bike-parts-finder","node_id":"R_kgDOPPe-WQ","pages":[],"primary_language":"","private":false,"repo_id":1022869081,"security_and_analysis":[{"advanced_security":[],"secret_scanning":[{"status":"enabled"}],"secret_scanning_push_protection":[{"status":"enabled"}]}],"squash_merge_commit_message":"COMMIT_MESSAGES","squash_merge_commit_title":"COMMIT_OR_PR_TITLE","ssh_clone_url":"git@github.com:sosadtsia/bike-parts-finder.git","svn_url":"https://github.com/sosadtsia/bike-parts-finder","template":[],"topics":["aws"],"visibility":"public","vulnerability_alerts":false,"web_commit_signoff_required":false},"sensitive_attributes":[],"private":"eyJzY2hlbWFfdmVyc2lvbiI6IjEifQ=="}]},{"module":"module.github_repositories[\"bike_parts_finder\"]","mode":"managed","type":"github_repository_file","name":"call-ci-renovate","provider":"provider[\"registry.opentofu.org/integrations/github\"]","instances":[{"index_key":0,"schema_version":0,"attributes":{"autocreate_branch":null,"autocreate_branch_source_branch":null,"autocreate_branch_source_sha":null,"branch":"main","commit_author":null,"commit_email":null,"commit_message":"Add CI renovate workflow","commit_sha":"0d6d17df85d06f27999b84aba9ac4183f154eead","content":"##\n# call-ci-renovate.yaml\n# Automates dependency updates using Renovate.\n##\n---\nname: Call renovate bot\non:\n  workflow_dispatch:\n    inputs:\n      logLevel:\n        description: 'Override default log level'\n        required: false\n        default: 'info'\n        type: string\n      overrideSchedule:\n        description: 'Override all schedules'\n        required: false\n        default: 'false'\n        type: string\n\n  # Run twice in the early morning for initial and follow up steps (create pull request and merge)\n  schedule:\n    - cron: '30 4,6 * * *'\n\njobs:\n  call-ci-renovate:\n    name: Renovate\n    uses: sosadtsia/workflow-templates/.github/workflows/ci-renovate.yaml@main\n    secrets:\n      RENOVATE_APP_ID: ${{ secrets.RENOVATE_APP_ID }}\n      RENOVATE_PRIVATE_KEY: ${{ secrets.RENOVATE_PRIVATE_KEY }}\n    with:\n      logLevel: ${{ inputs.logLevel || 'info' }}\n      overrideSchedule: ${{ github.event.inputs.overrideSchedule == 'true' \u0026\u0026 '{''schedule'':null}' || '' }}\n","file":".github/workflows/call-ci-renovate.yaml","id":"bike-parts-finder/.github/workflows/call-ci-renovate.yaml","overwrite_on_create":true,"ref":"main","repository":"bike-parts-finder","sha":"43bc78cf0a7d177c7cb5501bda2504c236eb0db5"},"sensitive_attributes":[],"private":"bnVsbA==","dependencies":["module.github_repositories.github_repository.repository"]}]},{"module":"module.github_repositories[\"bike_parts_finder\"]","mode":"managed","type":"github_repository_file","name":"call-linter","provider":"provider[\"registry.opentofu.org/integrations/github\"]","instances":[{"index_key":0,"schema_version":0,"attributes":{"autocreate_branch":null,"autocreate_branch_source_branch":null,"autocreate_branch_source_sha":null,"branch":"main","commit_author":null,"commit_email":null,"commit_message":"Add linter workflow","commit_sha":"a8b14df361481b79cb96a624b9eb15eef4a33d9c","content":"##\n# call-linter.yaml\n# Calls remote workflow to run static code analysis.\n##\n---\nname: Linting\non:\n  pull_request:\n    branches: [main]\n\njobs:\n  call-common:\n    name: Call Linter\n    uses: sosadtsia/workflow-templates/.github/workflows/linter.yaml@main\n    secrets: inherit\n","file":".github/workflows/call-linter.yaml","id":"bike-parts-finder/.github/workflows/call-linter.yaml","overwrite_on_create":true,"ref":"main","repository":"bike-parts-finder","sha":"3f1fa5a7af8270baef25031f2dbd0d59e6691200"},"sensitive_attributes":[],"private":"bnVsbA==","dependencies":["module.github_repositories.github_repository.repository"]}]},{"module":"module.github_repositories[\"bike_parts_finder\"]","mode":"managed","type":"github_repository_file","name":"renovate-json5","provider":"provider[\"registry.opentofu.org/integrations/github\"]","instances":[{"index_key":0,"schema_version":0,"attributes":{"autocreate_branch":null,"autocreate_branch_source_branch":null,"autocreate_branch_source_sha":null,"branch":"main","commit_author":null,"commit_email":null,"commit_message":"Add renovate configuration","commit_sha":"5759bd8bd4c9c1f245f156abd52aff2a6f6d7d4f","content":"{\n    $schema: 'https://docs.renovatebot.com/renovate-schema.json',\n    extends: ['github\u003esosadtsia/renovate-config']\n}\n","file":".github/renovate.json5","id":"bike-parts-finder/.github/renovate.json5","overwrite_on_create":true,"ref":"main","repository":"bike-parts-finder","sha":"a1882a6b1d80be03dd091d3a2c41b25d44f0187c"},"sensitive_attributes":[],"private":"bnVsbA==","dependencies":["module.github_repositories.github_repository.repository"]}]},{"module":"module.github_repositories[\"shell_scripts\"]","mode":"managed","type":"github_branch_default","name":"default","provider":"provider[\"registry.opentofu.org/integrations/github\"]","instances":[{"schema_version":0,"attributes":{"branch":"main","etag":"W/\"4fe1659069e7b54e4fe0fa610c24ac7cd21d97676781dde1d3ee5043aa8f1680\"","id":"scripts","rename":false,"repository":"scripts"},"sensitive_attributes":[],"private":"bnVsbA==","dependencies":["module.github_repositories.github_repository.repository"]}]},{"module":"module.github_repositories[\"shell_scripts\"]","mode":"managed","type":"github_branch_protection","name":"protection","provider":"provider[\"registry.opentofu.org/integrations/github\"]","instances":[{"index_key":"main","schema_version":2,"attributes":{"allows_deletions":true,"allows_force_pushes":false,"enforce_admins":false,"force_push_bypassers":null,"id":"BPR_kwDOPPe-Rc4D5xlK","lock_branch":false,"pattern":"main","repository_id":"scripts","require_conversation_resolution":false,"require_signed_commits":false,"required_linear_history":false,"required_pull_request_reviews":[{"dismiss_stale_reviews":true,"dismissal_restrictions":null,"pull_request_bypassers":null,"require_code_owner_reviews":true,"require_last_push_approval":true,"required_approving_review_count":1,"restrict_dismissals":false}],"required_status_checks":[{"contexts":null,"strict":true}],"restrict_pushes":[]},"sensitive_attributes":[],"private":"eyJzY2hlbWFfdmVyc2lvbiI6IjIifQ==","dependencies":["module.github_repositories.github_branch.additional_branches","module.github_repositories.github_branch_default.default","module.github_repositories.github_repository.repository"]}]},{"module":"module.github_repositories[\"shell_scripts\"]","mode":"managed","type":"github_repository","name":"repository","provider":"provider[\"registry.opentofu.org/integrations/github\"]","instances":[{"schema_version":1,"attributes":{"allow_auto_merge":false,"allow_merge_commit":true,"allow_rebase_merge":true,"allow_squash_merge":true,"allow_update_branch":false,"archive_on_destroy":null,"archived":false,"auto_init":true,"default_branch":"main","delete_branch_on_merge":true,"description":"Scripts for various tasks","etag":"W/\"4fe1659069e7b54e4fe0fa610c24ac7cd21d97676781dde1d3ee5043aa8f1680\"","full_name":"sosadtsia/scripts","git_clone_url":"git://github.com/sosadtsia/scripts.git","gitignore_template":null,"has_discussions":false,"has_downloads":false,"has_issues":false,"has_projects":false,"has_wiki":false,"homepage_url":"","html_url":"https://github.com/sosadtsia/scripts","http_clone_url":"https://github.com/sosadtsia/scripts.git","id":"scripts","ignore_vulnerability_alerts_during_read":null,"is_template":false,"license_template":null,"merge_commit_message":"PR_TITLE","merge_commit_title":"MERGE_MESSAGE","name":"scripts","node_id":"R_kgDOPPe-RQ","pages":[],"primary_language":"","private":false,"repo_id":1022869061,"security_and_analysis":[{"advanced_security":[],"secret_scanning":[{"status":"enabled"}],"secret_scanning_push_protection":[{"status":"enabled"}]}],"squash_merge_commit_message":"COMMIT_MESSAGES","squash_merge_commit_title":"COMMIT_OR_PR_TITLE","ssh_clone_url":"git@github.com:sosadtsia/scripts.git","svn_url":"https://github.com/sosadtsia/scripts","template":[],"topics":["scripts"],"visibility":"public","vulnerability_alerts":false,"web_commit_signoff_required":false},"sensitive_attributes":[],"private":"eyJzY2hlbWFfdmVyc2lvbiI6IjEifQ=="}]},{"module":"module.github_repositories[\"shell_scripts\"]","mode":"managed","type":"github_repository_file","name":"call-ci-renovate","provider":"provider[\"registry.opentofu.org/integrations/github\"]","instances":[{"index_key":0,"schema_version":0,"attributes":{"autocreate_branch":null,"autocreate_branch_source_branch":null,"autocreate_branch_source_sha":null,"branch":"main","commit_author":null,"commit_email":null,"commit_message":"Add CI renovate workflow","commit_sha":"e3243bb473455e751b27cfd6c6bf0413fe6f7396","content":"##\n# call-ci-renovate.yaml\n# Automates dependency updates using Renovate.\n##\n---\nname: Call renovate bot\non:\n  workflow_dispatch:\n    inputs:\n      logLevel:\n        description: 'Override default log level'\n        required: false\n        default: 'info'\n        type: string\n      overrideSchedule:\n        description: 'Override all schedules'\n        required: false\n        default: 'false'\n        type: string\n\n  # Run twice in the early morning for initial and follow up steps (create pull request and merge)\n  schedule:\n    - cron: '30 4,6 * * *'\n\njobs:\n  call-ci-renovate:\n    name: Renovate\n    uses: sosadtsia/workflow-templates/.github/workflows/ci-renovate.yaml@main\n    secrets:\n      RENOVATE_APP_ID: ${{ secrets.RENOVATE_APP_ID }}\n      RENOVATE_PRIVATE_KEY: ${{ secrets.RENOVATE_PRIVATE_KEY }}\n    with:\n      logLevel: ${{ inputs.logLevel || 'info' }}\n      overrideSchedule: ${{ github.event.inputs.overrideSchedule == 'true' \u0026\u0026 '{''schedule'':null}' || '' }}\n","file":".github/workflows/call-ci-renovate.yaml","id":"scripts/.github/workflows/call-ci-renovate.yaml","overwrite_on_create":true,"ref":"main","repository":"scripts","sha":"43bc78cf0a7d177c7cb5501bda2504c236eb0db5"},"sensitive_attributes":[],"private":"bnVsbA==","dependencies":["module.github_repositories.github_repository.repository"]}]},{"module":"module.github_repositories[\"shell_scripts\"]","mode":"managed","type":"github_repository_file","name":"call-linter","provider":"provider[\"registry.opentofu.org/integrations/github\"]","instances":[{"index_key":0,"schema_version":0,"attributes":{"autocreate_branch":null,"autocreate_branch_source_branch":null,"autocreate_branch_source_sha":null,"branch":"main","commit_author":null,"commit_email":null,"commit_message":"Add linter workflow","commit_sha":"dc1f1bcc565dc3c802822de88514c3ff3b2bee13","content":"##\n# call-linter.yaml\n# Calls remote workflow to run static code analysis.\n##\n---\nname: Linting\non:\n  pull_request:\n    branches: [main]\n\njobs:\n  call-common:\n    name: Call Linter\n    uses: sosadtsia/workflow-templates/.github/workflows/linter.yaml@main\n    secrets: inherit\n","file":".github/workflows/call-linter.yaml","id":"scripts/.github/workflows/call-linter.yaml","overwrite_on_create":true,"ref":"main","repository":"scripts","sha":"3f1fa5a7af8270baef25031f2dbd0d59e6691200"},"sensitive_attributes":[],"private":"bnVsbA==","dependencies":["module.github_repositories.github_repository.repository"]}]},{"module":"module.github_repositories[\"shell_scripts\"]","mode":"managed","type":"github_repository_file","name":"renovate-json5","provider":"provider[\"registry.opentofu.org/integrations/github\"]","instances":[{"index_key":0,"schema_version":0,"attributes":{"autocreate_branch":null,"autocreate_branch_source_branch":null,"autocreate_branch_source_sha":null,"branch":"main","commit_author":null,"commit_email":null,"commit_message":"Add renovate configuration","commit_sha":"563a36a7d7782717e6c4a5cd58ba07397bd9f003","content":"{\n    $schema: 'https://docs.renovatebot.com/renovate-schema.json',\n    extends: ['github\u003esosadtsia/renovate-config']\n}\n","file":".github/renovate.json5","id":"scripts/.github/renovate.json5","overwrite_on_create":true,"ref":"main","repository":"scripts","sha":"a1882a6b1d80be03dd091d3a2c41b25d44f0187c"},"sensitive_attributes":[],"private":"bnVsbA==","dependencies":["module.github_repositories.github_repository.repository"]}]}],"check_results":[{"object_kind":"var","config_addr":"var.repositories","status":"pass","objects":[{"object_addr":"var.repositories","status":"pass"}]}]}
